
Microsoft Visual Studio Solution File, Format Version 12.00
# Visual Studio 2015
Project("{FAE04EC0-301F-11D3-BF4B-00C04F79EFBC}") = "Vikingrealraid-master", "Vikingrealraid-master.csproj", "{EB83C6C6-0F4A-6136-5DF6-74940D5EA9ED}"
EndProject
Global
	GlobalSection(SolutionConfigurationPlatforms) = preSolution
		Debug|Any CPU = Debug|Any CPU
		Release|Any CPU = Release|Any CPU
	EndGlobalSection
	GlobalSection(ProjectConfigurationPlatforms) = postSolution
		{EB83C6C6-0F4A-6136-5DF6-74940D5EA9ED}.Debug|Any CPU.ActiveCfg = Debug|Any CPU
		{EB83C6C6-0F4A-6136-5DF6-74940D5EA9ED}.Debug|Any CPU.Build.0 = Debug|Any CPU
		{EB83C6C6-0F4A-6136-5DF6-74940D5EA9ED}.Release|Any CPU.ActiveCfg = Release|Any CPU
		{EB83C6C6-0F4A-6136-5DF6-74940D5EA9ED}.Release|Any CPU.Build.0 = Release|Any CPU
	EndGlobalSection
	GlobalSection(SolutionProperties) = preSolution
		HideSolutionNode = FALSE
	EndGlobalSection
EndGlobal
